
Microsoft Visual Studio Solution File, Format Version 12.00
# Visual Studio 15
Project("{FAE04EC0-301F-11D3-BF4B-00C04F79EFBC}") = "Assembly-CSharp", "Assembly-CSharp.csproj", "{5BB4FA8A-AFD8-3AD6-55B2-A1F288C6A9E1}"
EndProject
Project("{FAE04EC0-301F-11D3-BF4B-00C04F79EFBC}") = "AimingRig", "AimingRig.csproj", "{2E7F08C9-725D-715E-418B-8A59E48FBC23}"
EndProject
Global
	GlobalSection(SolutionConfigurationPlatforms) = preSolution
		Debug|Any CPU = Debug|Any CPU
		Release|Any CPU = Release|Any CPU
	EndGlobalSection
	GlobalSection(ProjectConfigurationPlatforms) = postSolution
		{5BB4FA8A-AFD8-3AD6-55B2-A1F288C6A9E1}.Debug|Any CPU.ActiveCfg = Debug|Any CPU
		{5BB4FA8A-AFD8-3AD6-55B2-A1F288C6A9E1}.Debug|Any CPU.Build.0 = Debug|Any CPU
		{5BB4FA8A-AFD8-3AD6-55B2-A1F288C6A9E1}.Release|Any CPU.ActiveCfg = Release|Any CPU
		{5BB4FA8A-AFD8-3AD6-55B2-A1F288C6A9E1}.Release|Any CPU.Build.0 = Release|Any CPU
		{2E7F08C9-725D-715E-418B-8A59E48FBC23}.Debug|Any CPU.ActiveCfg = Debug|Any CPU
		{2E7F08C9-725D-715E-418B-8A59E48FBC23}.Debug|Any CPU.Build.0 = Debug|Any CPU
		{2E7F08C9-725D-715E-418B-8A59E48FBC23}.Release|Any CPU.ActiveCfg = Release|Any CPU
		{2E7F08C9-725D-715E-418B-8A59E48FBC23}.Release|Any CPU.Build.0 = Release|Any CPU
	EndGlobalSection
	GlobalSection(SolutionProperties) = preSolution
		HideSolutionNode = FALSE
	EndGlobalSection
EndGlobal
